
Microsoft Visual Studio Solution File, Format Version 12.00
Project("{FAE04EC0-301F-11D3-BF4B-00C04F79EFBC}") = "App", "App\App.csproj", "{806E3158-5A14-4C3B-B2EC-50B83D716AE4}"
EndProject
Project("{FAE04EC0-301F-11D3-BF4B-00C04F79EFBC}") = "TelegramBot", "TelegramBot\TelegramBot.csproj", "{14FCE85D-A819-4B14-8504-2C26D3006E05}"
EndProject
Project("{FAE04EC0-301F-11D3-BF4B-00C04F79EFBC}") = "Database", "Database\Database.csproj", "{E425C373-60E9-4D45-9E4A-007B6D702D57}"
EndProject
Project("{FAE04EC0-301F-11D3-BF4B-00C04F79EFBC}") = "Domain", "Domain\Domain.csproj", "{FFEEC54A-19C6-4774-841B-DE408C8B91CD}"
EndProject
Project("{FAE04EC0-301F-11D3-BF4B-00C04F79EFBC}") = "TestApplication", "TestApplication\TestApplication.csproj", "{98AD4C6A-2D06-4C22-AA05-DF06D99F086E}"
EndProject
Project("{FAE04EC0-301F-11D3-BF4B-00C04F79EFBC}") = "MongoCLI", "MongoCLI\MongoCLI.csproj", "{322E9DE1-FEE7-4B24-A6C8-6B1B6081D1D3}"
EndProject
Project("{FAE04EC0-301F-11D3-BF4B-00C04F79EFBC}") = "WasmFront", "WasmFront\WasmFront.csproj", "{8A758D32-00BB-4863-B622-29DEB8C54E7B}"
EndProject
Global
	GlobalSection(SolutionConfigurationPlatforms) = preSolution
		Debug|Any CPU = Debug|Any CPU
		Release|Any CPU = Release|Any CPU
	EndGlobalSection
	GlobalSection(ProjectConfigurationPlatforms) = postSolution
		{806E3158-5A14-4C3B-B2EC-50B83D716AE4}.Debug|Any CPU.ActiveCfg = Debug|Any CPU
		{806E3158-5A14-4C3B-B2EC-50B83D716AE4}.Debug|Any CPU.Build.0 = Debug|Any CPU
		{806E3158-5A14-4C3B-B2EC-50B83D716AE4}.Release|Any CPU.ActiveCfg = Release|Any CPU
		{806E3158-5A14-4C3B-B2EC-50B83D716AE4}.Release|Any CPU.Build.0 = Release|Any CPU
		{14FCE85D-A819-4B14-8504-2C26D3006E05}.Debug|Any CPU.ActiveCfg = Debug|Any CPU
		{14FCE85D-A819-4B14-8504-2C26D3006E05}.Debug|Any CPU.Build.0 = Debug|Any CPU
		{14FCE85D-A819-4B14-8504-2C26D3006E05}.Release|Any CPU.ActiveCfg = Release|Any CPU
		{14FCE85D-A819-4B14-8504-2C26D3006E05}.Release|Any CPU.Build.0 = Release|Any CPU
		{E425C373-60E9-4D45-9E4A-007B6D702D57}.Debug|Any CPU.ActiveCfg = Debug|Any CPU
		{E425C373-60E9-4D45-9E4A-007B6D702D57}.Debug|Any CPU.Build.0 = Debug|Any CPU
		{E425C373-60E9-4D45-9E4A-007B6D702D57}.Release|Any CPU.ActiveCfg = Release|Any CPU
		{E425C373-60E9-4D45-9E4A-007B6D702D57}.Release|Any CPU.Build.0 = Release|Any CPU
		{FFEEC54A-19C6-4774-841B-DE408C8B91CD}.Debug|Any CPU.ActiveCfg = Debug|Any CPU
		{FFEEC54A-19C6-4774-841B-DE408C8B91CD}.Debug|Any CPU.Build.0 = Debug|Any CPU
		{FFEEC54A-19C6-4774-841B-DE408C8B91CD}.Release|Any CPU.ActiveCfg = Release|Any CPU
		{FFEEC54A-19C6-4774-841B-DE408C8B91CD}.Release|Any CPU.Build.0 = Release|Any CPU
		{98AD4C6A-2D06-4C22-AA05-DF06D99F086E}.Debug|Any CPU.ActiveCfg = Debug|Any CPU
		{98AD4C6A-2D06-4C22-AA05-DF06D99F086E}.Debug|Any CPU.Build.0 = Debug|Any CPU
		{98AD4C6A-2D06-4C22-AA05-DF06D99F086E}.Release|Any CPU.ActiveCfg = Release|Any CPU
		{98AD4C6A-2D06-4C22-AA05-DF06D99F086E}.Release|Any CPU.Build.0 = Release|Any CPU
		{322E9DE1-FEE7-4B24-A6C8-6B1B6081D1D3}.Debug|Any CPU.ActiveCfg = Debug|Any CPU
		{322E9DE1-FEE7-4B24-A6C8-6B1B6081D1D3}.Debug|Any CPU.Build.0 = Debug|Any CPU
		{322E9DE1-FEE7-4B24-A6C8-6B1B6081D1D3}.Release|Any CPU.ActiveCfg = Release|Any CPU
		{322E9DE1-FEE7-4B24-A6C8-6B1B6081D1D3}.Release|Any CPU.Build.0 = Release|Any CPU
		{8A758D32-00BB-4863-B622-29DEB8C54E7B}.Debug|Any CPU.ActiveCfg = Debug|Any CPU
		{8A758D32-00BB-4863-B622-29DEB8C54E7B}.Debug|Any CPU.Build.0 = Debug|Any CPU
		{8A758D32-00BB-4863-B622-29DEB8C54E7B}.Release|Any CPU.ActiveCfg = Release|Any CPU
		{8A758D32-00BB-4863-B622-29DEB8C54E7B}.Release|Any CPU.Build.0 = Release|Any CPU
	EndGlobalSection
EndGlobal
